
Microsoft Visual Studio Solution File, Format Version 12.00
# Visual Studio Version 17
VisualStudioVersion = 17.5.33627.172
MinimumVisualStudioVersion = 10.0.40219.1
Project("{FAE04EC0-301F-11D3-BF4B-00C04F79EFBC}") = "InspimoPdfReports", "InspimoPdfReports\InspimoPdfReports.csproj", "{A07BED52-A61B-49D0-8787-5CEEA3BD8ECF}"
EndProject
Global
	GlobalSection(SolutionConfigurationPlatforms) = preSolution
		Debug|Any CPU = Debug|Any CPU
		Release|Any CPU = Release|Any CPU
	EndGlobalSection
	GlobalSection(ProjectConfigurationPlatforms) = postSolution
		{A07BED52-A61B-49D0-8787-5CEEA3BD8ECF}.Debug|Any CPU.ActiveCfg = Debug|Any CPU
		{A07BED52-A61B-49D0-8787-5CEEA3BD8ECF}.Debug|Any CPU.Build.0 = Debug|Any CPU
		{A07BED52-A61B-49D0-8787-5CEEA3BD8ECF}.Release|Any CPU.ActiveCfg = Release|Any CPU
		{A07BED52-A61B-49D0-8787-5CEEA3BD8ECF}.Release|Any CPU.Build.0 = Release|Any CPU
	EndGlobalSection
	GlobalSection(SolutionProperties) = preSolution
		HideSolutionNode = FALSE
	EndGlobalSection
	GlobalSection(ExtensibilityGlobals) = postSolution
		SolutionGuid = {3B04DE0C-F9F3-4DDF-A8DC-23CEF31DE98C}
	EndGlobalSection
EndGlobal
